
Microsoft Visual Studio Solution File, Format Version 12.00
# Visual Studio 14
VisualStudioVersion = 14.0.25420.1
MinimumVisualStudioVersion = 10.0.40219.1
Project("{FAE04EC0-301F-11D3-BF4B-00C04F79EFBC}") = "Raven.Message.Kafka", "Raven.Message.Kafka\Raven.Message.Kafka.csproj", "{BF1A709F-A55D-41AF-8337-E382C0502846}"
EndProject
Project("{FAE04EC0-301F-11D3-BF4B-00C04F79EFBC}") = "Demo", "Demo\Demo.csproj", "{87AED77A-A81B-4AEA-A67C-E7BFC4103E83}"
EndProject
Global
	GlobalSection(SolutionConfigurationPlatforms) = preSolution
		Debug|Any CPU = Debug|Any CPU
		Release|Any CPU = Release|Any CPU
	EndGlobalSection
	GlobalSection(ProjectConfigurationPlatforms) = postSolution
		{BF1A709F-A55D-41AF-8337-E382C0502846}.Debug|Any CPU.ActiveCfg = Debug|Any CPU
		{BF1A709F-A55D-41AF-8337-E382C0502846}.Debug|Any CPU.Build.0 = Debug|Any CPU
		{BF1A709F-A55D-41AF-8337-E382C0502846}.Release|Any CPU.ActiveCfg = Release|Any CPU
		{BF1A709F-A55D-41AF-8337-E382C0502846}.Release|Any CPU.Build.0 = Release|Any CPU
		{87AED77A-A81B-4AEA-A67C-E7BFC4103E83}.Debug|Any CPU.ActiveCfg = Debug|Any CPU
		{87AED77A-A81B-4AEA-A67C-E7BFC4103E83}.Debug|Any CPU.Build.0 = Debug|Any CPU
		{87AED77A-A81B-4AEA-A67C-E7BFC4103E83}.Release|Any CPU.ActiveCfg = Release|Any CPU
		{87AED77A-A81B-4AEA-A67C-E7BFC4103E83}.Release|Any CPU.Build.0 = Release|Any CPU
	EndGlobalSection
	GlobalSection(SolutionProperties) = preSolution
		HideSolutionNode = FALSE
	EndGlobalSection
EndGlobal
